// !$*UTF8*$!
{
	archiveVersion = 1;
	classes = {
	};
	objectVersion = 54;
	objects = {

/* Begin PBXBuildFile section */
		C70FB0FB25BEF61C00C9924E /* AppDelegate.swift in Sources */ = {isa = PBXBuildFile; fileRef = C70FB0FA25BEF61C00C9924E /* AppDelegate.swift */; };
		C70FB0FD25BEF61C00C9924E /* SceneDelegate.swift in Sources */ = {isa = PBXBuildFile; fileRef = C70FB0FC25BEF61C00C9924E /* SceneDelegate.swift */; };
		C70FB10225BEF61C00C9924E /* Main.storyboard in Resources */ = {isa = PBXBuildFile; fileRef = C70FB10025BEF61C00C9924E /* Main.storyboard */; };
		C70FB10425BEF61D00C9924E /* Assets.xcassets in Resources */ = {isa = PBXBuildFile; fileRef = C70FB10325BEF61D00C9924E /* Assets.xcassets */; };
		C70FB10725BEF61D00C9924E /* LaunchScreen.storyboard in Resources */ = {isa = PBXBuildFile; fileRef = C70FB10525BEF61D00C9924E /* LaunchScreen.storyboard */; };
		EB2E5C7C29DC4AB200A036A9 /* ProductAttributedStringMaker.swift in Sources */ = {isa = PBXBuildFile; fileRef = EB2E5C7B29DC4AB200A036A9 /* ProductAttributedStringMaker.swift */; };
		EB2E5C7E29DC4AF100A036A9 /* NumberFormatter.swift in Sources */ = {isa = PBXBuildFile; fileRef = EB2E5C7D29DC4AF100A036A9 /* NumberFormatter.swift */; };
		EB30080A29DAAE6E00523975 /* ProductListViewController.swift in Sources */ = {isa = PBXBuildFile; fileRef = EB30080929DAAE6E00523975 /* ProductListViewController.swift */; };
		EB40DB1D29DD8C95007F29FF /* ProductCellAccessoryMaker.swift in Sources */ = {isa = PBXBuildFile; fileRef = EB40DB1C29DD8C95007F29FF /* ProductCellAccessoryMaker.swift */; };
		EB40DB2129DD9AE5007F29FF /* CachedImage.swift in Sources */ = {isa = PBXBuildFile; fileRef = EB40DB2029DD9AE5007F29FF /* CachedImage.swift */; };
		EB40DB2329DDA0D8007F29FF /* ImageCacheable.swift in Sources */ = {isa = PBXBuildFile; fileRef = EB40DB2229DDA0D8007F29FF /* ImageCacheable.swift */; };
		EB40DB2529DDA156007F29FF /* ImageCache.swift in Sources */ = {isa = PBXBuildFile; fileRef = EB40DB2429DDA156007F29FF /* ImageCache.swift */; };
		EB40DB2729DDA65A007F29FF /* ImageLoadable.swift in Sources */ = {isa = PBXBuildFile; fileRef = EB40DB2629DDA65A007F29FF /* ImageLoadable.swift */; };
		EB40DB2929DDA6A4007F29FF /* ImageLoader.swift in Sources */ = {isa = PBXBuildFile; fileRef = EB40DB2829DDA6A4007F29FF /* ImageLoader.swift */; };
		EB40DB2B29DDAD85007F29FF /* SpyURLSession.swift in Sources */ = {isa = PBXBuildFile; fileRef = EB40DB2A29DDAD85007F29FF /* SpyURLSession.swift */; };
		EB40DB2D29DDAE6A007F29FF /* ImageLoaderTests.swift in Sources */ = {isa = PBXBuildFile; fileRef = EB40DB2C29DDAE6A007F29FF /* ImageLoaderTests.swift */; };
		EB4FE67C29E55265001CCF4C /* ProductEditorViewController.swift in Sources */ = {isa = PBXBuildFile; fileRef = EB4FE67B29E55265001CCF4C /* ProductEditorViewController.swift */; };
		EB5567FD29C1BA2700C1469D /* Currency.swift in Sources */ = {isa = PBXBuildFile; fileRef = EB5567FC29C1BA2700C1469D /* Currency.swift */; };
		EB5567FF29C1BA6B00C1469D /* Product.swift in Sources */ = {isa = PBXBuildFile; fileRef = EB5567FE29C1BA6B00C1469D /* Product.swift */; };
		EB55680129C1BDD300C1469D /* Page.swift in Sources */ = {isa = PBXBuildFile; fileRef = EB55680029C1BDD300C1469D /* Page.swift */; };
		EB57E89129CD36BA002AEE7C /* JSONDecodingTests.swift in Sources */ = {isa = PBXBuildFile; fileRef = EB57E89029CD36BA002AEE7C /* JSONDecodingTests.swift */; };
		EB75D63929D5C08C001B8719 /* HttpMethod.swift in Sources */ = {isa = PBXBuildFile; fileRef = EB75D63829D5C08C001B8719 /* HttpMethod.swift */; };
		EB75D63B29D5C0F8001B8719 /* Requestable.swift in Sources */ = {isa = PBXBuildFile; fileRef = EB75D63A29D5C0F8001B8719 /* Requestable.swift */; };
		EB75D63D29D5C4F7001B8719 /* OpenMarketRequest.swift in Sources */ = {isa = PBXBuildFile; fileRef = EB75D63C29D5C4F7001B8719 /* OpenMarketRequest.swift */; };
		EBAB055629E192B50045528E /* Secrets.swift in Sources */ = {isa = PBXBuildFile; fileRef = EBAB055529E192B50045528E /* Secrets.swift */; };
		EBAB055829E19E610045528E /* JSONEncoder.swift in Sources */ = {isa = PBXBuildFile; fileRef = EBAB055729E19E610045528E /* JSONEncoder.swift */; };
		EBAB055A29E1A0A70045528E /* Data.swift in Sources */ = {isa = PBXBuildFile; fileRef = EBAB055929E1A0A70045528E /* Data.swift */; };
		EBABE70729D67F2F008739B1 /* OpenMarketError.swift in Sources */ = {isa = PBXBuildFile; fileRef = EBABE70629D67F2F008739B1 /* OpenMarketError.swift */; };
		EBABE70E29D6CB95008739B1 /* URLSessionProtocol.swift in Sources */ = {isa = PBXBuildFile; fileRef = EBABE70D29D6CB95008739B1 /* URLSessionProtocol.swift */; };
		EBABE71029D6CBB0008739B1 /* OpenMarketAPIClient.swift in Sources */ = {isa = PBXBuildFile; fileRef = EBABE70F29D6CBB0008739B1 /* OpenMarketAPIClient.swift */; };
		EBABE71229D6D2AC008739B1 /* JSONDecoder.swift in Sources */ = {isa = PBXBuildFile; fileRef = EBABE71129D6D2AC008739B1 /* JSONDecoder.swift */; };
		EBABE71429D6F05F008739B1 /* OpenMarketAPIClientTests.swift in Sources */ = {isa = PBXBuildFile; fileRef = EBABE71329D6F05F008739B1 /* OpenMarketAPIClientTests.swift */; };
		EBABE71629D6F203008739B1 /* TestData.swift in Sources */ = {isa = PBXBuildFile; fileRef = EBABE71529D6F203008739B1 /* TestData.swift */; };
		EBABE71829D6F3E2008739B1 /* StubURLSession.swift in Sources */ = {isa = PBXBuildFile; fileRef = EBABE71729D6F3E2008739B1 /* StubURLSession.swift */; };
		EBABE71A29D70C2C008739B1 /* ProductImage.swift in Sources */ = {isa = PBXBuildFile; fileRef = EBABE71929D70C2C008739B1 /* ProductImage.swift */; };
		EBABE71C29D70C5C008739B1 /* ProductVendor.swift in Sources */ = {isa = PBXBuildFile; fileRef = EBABE71B29D70C5C008739B1 /* ProductVendor.swift */; };
		EBC7752929DEE49C002DD87A /* ProductGridContentView.swift in Sources */ = {isa = PBXBuildFile; fileRef = EBC7752829DEE49C002DD87A /* ProductGridContentView.swift */; };
		EBDC9A4329DAEE65007AD736 /* ProductListViewController+LayoutStyle.swift in Sources */ = {isa = PBXBuildFile; fileRef = EBDC9A4229DAEE65007AD736 /* ProductListViewController+LayoutStyle.swift */; };
		EBDC9A4629DAEFAA007AD736 /* ProductListViewController+Section.swift in Sources */ = {isa = PBXBuildFile; fileRef = EBDC9A4529DAEFAA007AD736 /* ProductListViewController+Section.swift */; };
/* End PBXBuildFile section */

/* Begin PBXContainerItemProxy section */
		EB57E89229CD36BA002AEE7C /* PBXContainerItemProxy */ = {
			isa = PBXContainerItemProxy;
			containerPortal = C70FB0EF25BEF61C00C9924E /* Project object */;
			proxyType = 1;
			remoteGlobalIDString = C70FB0F625BEF61C00C9924E;
			remoteInfo = OpenMarket;
		};
/* End PBXContainerItemProxy section */

/* Begin PBXFileReference section */
		C70FB0F725BEF61C00C9924E /* OpenMarket.app */ = {isa = PBXFileReference; explicitFileType = wrapper.application; includeInIndex = 0; path = OpenMarket.app; sourceTree = BUILT_PRODUCTS_DIR; };
		C70FB0FA25BEF61C00C9924E /* AppDelegate.swift */ = {isa = PBXFileReference; lastKnownFileType = sourcecode.swift; path = AppDelegate.swift; sourceTree = "<group>"; };
		C70FB0FC25BEF61C00C9924E /* SceneDelegate.swift */ = {isa = PBXFileReference; lastKnownFileType = sourcecode.swift; path = SceneDelegate.swift; sourceTree = "<group>"; };
		C70FB10125BEF61C00C9924E /* Base */ = {isa = PBXFileReference; lastKnownFileType = file.storyboard; name = Base; path = Base.lproj/Main.storyboard; sourceTree = "<group>"; };
		C70FB10325BEF61D00C9924E /* Assets.xcassets */ = {isa = PBXFileReference; lastKnownFileType = folder.assetcatalog; path = Assets.xcassets; sourceTree = "<group>"; };
		C70FB10625BEF61D00C9924E /* Base */ = {isa = PBXFileReference; lastKnownFileType = file.storyboard; name = Base; path = Base.lproj/LaunchScreen.storyboard; sourceTree = "<group>"; };
		C70FB10825BEF61D00C9924E /* Info.plist */ = {isa = PBXFileReference; lastKnownFileType = text.plist.xml; path = Info.plist; sourceTree = "<group>"; };
		EB2E5C7B29DC4AB200A036A9 /* ProductAttributedStringMaker.swift */ = {isa = PBXFileReference; lastKnownFileType = sourcecode.swift; path = ProductAttributedStringMaker.swift; sourceTree = "<group>"; };
		EB2E5C7D29DC4AF100A036A9 /* NumberFormatter.swift */ = {isa = PBXFileReference; lastKnownFileType = sourcecode.swift; path = NumberFormatter.swift; sourceTree = "<group>"; };
		EB30080929DAAE6E00523975 /* ProductListViewController.swift */ = {isa = PBXFileReference; lastKnownFileType = sourcecode.swift; path = ProductListViewController.swift; sourceTree = "<group>"; };
		EB40DB1C29DD8C95007F29FF /* ProductCellAccessoryMaker.swift */ = {isa = PBXFileReference; lastKnownFileType = sourcecode.swift; path = ProductCellAccessoryMaker.swift; sourceTree = "<group>"; };
		EB40DB2029DD9AE5007F29FF /* CachedImage.swift */ = {isa = PBXFileReference; lastKnownFileType = sourcecode.swift; path = CachedImage.swift; sourceTree = "<group>"; };
		EB40DB2229DDA0D8007F29FF /* ImageCacheable.swift */ = {isa = PBXFileReference; lastKnownFileType = sourcecode.swift; path = ImageCacheable.swift; sourceTree = "<group>"; };
		EB40DB2429DDA156007F29FF /* ImageCache.swift */ = {isa = PBXFileReference; lastKnownFileType = sourcecode.swift; path = ImageCache.swift; sourceTree = "<group>"; };
		EB40DB2629DDA65A007F29FF /* ImageLoadable.swift */ = {isa = PBXFileReference; lastKnownFileType = sourcecode.swift; path = ImageLoadable.swift; sourceTree = "<group>"; };
		EB40DB2829DDA6A4007F29FF /* ImageLoader.swift */ = {isa = PBXFileReference; lastKnownFileType = sourcecode.swift; path = ImageLoader.swift; sourceTree = "<group>"; };
		EB40DB2A29DDAD85007F29FF /* SpyURLSession.swift */ = {isa = PBXFileReference; lastKnownFileType = sourcecode.swift; path = SpyURLSession.swift; sourceTree = "<group>"; };
		EB40DB2C29DDAE6A007F29FF /* ImageLoaderTests.swift */ = {isa = PBXFileReference; lastKnownFileType = sourcecode.swift; path = ImageLoaderTests.swift; sourceTree = "<group>"; };
		EB4FE67B29E55265001CCF4C /* ProductEditorViewController.swift */ = {isa = PBXFileReference; lastKnownFileType = sourcecode.swift; path = ProductEditorViewController.swift; sourceTree = "<group>"; };
		EB5567FC29C1BA2700C1469D /* Currency.swift */ = {isa = PBXFileReference; lastKnownFileType = sourcecode.swift; path = Currency.swift; sourceTree = "<group>"; };
		EB5567FE29C1BA6B00C1469D /* Product.swift */ = {isa = PBXFileReference; lastKnownFileType = sourcecode.swift; path = Product.swift; sourceTree = "<group>"; };
		EB55680029C1BDD300C1469D /* Page.swift */ = {isa = PBXFileReference; lastKnownFileType = sourcecode.swift; path = Page.swift; sourceTree = "<group>"; };
		EB57E88E29CD36BA002AEE7C /* OpenMarketTests.xctest */ = {isa = PBXFileReference; explicitFileType = wrapper.cfbundle; includeInIndex = 0; path = OpenMarketTests.xctest; sourceTree = BUILT_PRODUCTS_DIR; };
		EB57E89029CD36BA002AEE7C /* JSONDecodingTests.swift */ = {isa = PBXFileReference; lastKnownFileType = sourcecode.swift; path = JSONDecodingTests.swift; sourceTree = "<group>"; };
		EB75D63829D5C08C001B8719 /* HttpMethod.swift */ = {isa = PBXFileReference; lastKnownFileType = sourcecode.swift; path = HttpMethod.swift; sourceTree = "<group>"; };
		EB75D63A29D5C0F8001B8719 /* Requestable.swift */ = {isa = PBXFileReference; lastKnownFileType = sourcecode.swift; path = Requestable.swift; sourceTree = "<group>"; };
		EB75D63C29D5C4F7001B8719 /* OpenMarketRequest.swift */ = {isa = PBXFileReference; lastKnownFileType = sourcecode.swift; path = OpenMarketRequest.swift; sourceTree = "<group>"; };
		EBAB055529E192B50045528E /* Secrets.swift */ = {isa = PBXFileReference; lastKnownFileType = sourcecode.swift; path = Secrets.swift; sourceTree = "<group>"; };
		EBAB055729E19E610045528E /* JSONEncoder.swift */ = {isa = PBXFileReference; lastKnownFileType = sourcecode.swift; path = JSONEncoder.swift; sourceTree = "<group>"; };
		EBAB055929E1A0A70045528E /* Data.swift */ = {isa = PBXFileReference; lastKnownFileType = sourcecode.swift; path = Data.swift; sourceTree = "<group>"; };
		EBABE70629D67F2F008739B1 /* OpenMarketError.swift */ = {isa = PBXFileReference; lastKnownFileType = sourcecode.swift; path = OpenMarketError.swift; sourceTree = "<group>"; };
		EBABE70D29D6CB95008739B1 /* URLSessionProtocol.swift */ = {isa = PBXFileReference; fileEncoding = 4; lastKnownFileType = sourcecode.swift; path = URLSessionProtocol.swift; sourceTree = "<group>"; };
		EBABE70F29D6CBB0008739B1 /* OpenMarketAPIClient.swift */ = {isa = PBXFileReference; fileEncoding = 4; lastKnownFileType = sourcecode.swift; path = OpenMarketAPIClient.swift; sourceTree = "<group>"; };
		EBABE71129D6D2AC008739B1 /* JSONDecoder.swift */ = {isa = PBXFileReference; lastKnownFileType = sourcecode.swift; path = JSONDecoder.swift; sourceTree = "<group>"; };
		EBABE71329D6F05F008739B1 /* OpenMarketAPIClientTests.swift */ = {isa = PBXFileReference; lastKnownFileType = sourcecode.swift; path = OpenMarketAPIClientTests.swift; sourceTree = "<group>"; };
		EBABE71529D6F203008739B1 /* TestData.swift */ = {isa = PBXFileReference; lastKnownFileType = sourcecode.swift; path = TestData.swift; sourceTree = "<group>"; };
		EBABE71729D6F3E2008739B1 /* StubURLSession.swift */ = {isa = PBXFileReference; lastKnownFileType = sourcecode.swift; path = StubURLSession.swift; sourceTree = "<group>"; };
		EBABE71929D70C2C008739B1 /* ProductImage.swift */ = {isa = PBXFileReference; lastKnownFileType = sourcecode.swift; path = ProductImage.swift; sourceTree = "<group>"; };
		EBABE71B29D70C5C008739B1 /* ProductVendor.swift */ = {isa = PBXFileReference; lastKnownFileType = sourcecode.swift; path = ProductVendor.swift; sourceTree = "<group>"; };
		EBC7752829DEE49C002DD87A /* ProductGridContentView.swift */ = {isa = PBXFileReference; lastKnownFileType = sourcecode.swift; path = ProductGridContentView.swift; sourceTree = "<group>"; };
		EBDC9A4229DAEE65007AD736 /* ProductListViewController+LayoutStyle.swift */ = {isa = PBXFileReference; lastKnownFileType = sourcecode.swift; path = "ProductListViewController+LayoutStyle.swift"; sourceTree = "<group>"; };
		EBDC9A4529DAEFAA007AD736 /* ProductListViewController+Section.swift */ = {isa = PBXFileReference; lastKnownFileType = sourcecode.swift; path = "ProductListViewController+Section.swift"; sourceTree = "<group>"; };
/* End PBXFileReference section */

/* Begin PBXFrameworksBuildPhase section */
		C70FB0F425BEF61C00C9924E /* Frameworks */ = {
			isa = PBXFrameworksBuildPhase;
			buildActionMask = 2147483647;
			files = (
			);
			runOnlyForDeploymentPostprocessing = 0;
		};
		EB57E88B29CD36BA002AEE7C /* Frameworks */ = {
			isa = PBXFrameworksBuildPhase;
			buildActionMask = 2147483647;
			files = (
			);
			runOnlyForDeploymentPostprocessing = 0;
		};
/* End PBXFrameworksBuildPhase section */

/* Begin PBXGroup section */
		C70FB0EE25BEF61C00C9924E = {
			isa = PBXGroup;
			children = (
				C70FB0F925BEF61C00C9924E /* OpenMarket */,
				EB57E88F29CD36BA002AEE7C /* OpenMarketTests */,
				C70FB0F825BEF61C00C9924E /* Products */,
			);
			sourceTree = "<group>";
		};
		C70FB0F825BEF61C00C9924E /* Products */ = {
			isa = PBXGroup;
			children = (
				C70FB0F725BEF61C00C9924E /* OpenMarket.app */,
				EB57E88E29CD36BA002AEE7C /* OpenMarketTests.xctest */,
			);
			name = Products;
			sourceTree = "<group>";
		};
		C70FB0F925BEF61C00C9924E /* OpenMarket */ = {
			isa = PBXGroup;
			children = (
				EB5567F629C1B4F600C1469D /* Sources */,
				EB5567F729C1B4FE00C1469D /* Resources */,
			);
			path = OpenMarket;
			sourceTree = "<group>";
		};
		EB2E5C7929DC19E600A036A9 /* Extensions */ = {
			isa = PBXGroup;
			children = (
				EBAB055729E19E610045528E /* JSONEncoder.swift */,
				EBABE71129D6D2AC008739B1 /* JSONDecoder.swift */,
				EB2E5C7D29DC4AF100A036A9 /* NumberFormatter.swift */,
				EBAB055929E1A0A70045528E /* Data.swift */,
			);
			path = Extensions;
			sourceTree = "<group>";
		};
		EB2E5C7A29DC1AB300A036A9 /* Utilities */ = {
			isa = PBXGroup;
			children = (
				EB2E5C7B29DC4AB200A036A9 /* ProductAttributedStringMaker.swift */,
				EB40DB1C29DD8C95007F29FF /* ProductCellAccessoryMaker.swift */,
			);
			path = Utilities;
			sourceTree = "<group>";
		};
		EB40DB1E29DD9633007F29FF /* OpenMarketAPI */ = {
			isa = PBXGroup;
			children = (
				EBAB055529E192B50045528E /* Secrets.swift */,
				EB75D63829D5C08C001B8719 /* HttpMethod.swift */,
				EB75D63A29D5C0F8001B8719 /* Requestable.swift */,
				EB75D63C29D5C4F7001B8719 /* OpenMarketRequest.swift */,
				EBABE70F29D6CBB0008739B1 /* OpenMarketAPIClient.swift */,
			);
			path = OpenMarketAPI;
			sourceTree = "<group>";
		};
		EB40DB1F29DD9646007F29FF /* ImageLoader */ = {
			isa = PBXGroup;
			children = (
				EB40DB2029DD9AE5007F29FF /* CachedImage.swift */,
				EB40DB2229DDA0D8007F29FF /* ImageCacheable.swift */,
				EB40DB2429DDA156007F29FF /* ImageCache.swift */,
				EB40DB2629DDA65A007F29FF /* ImageLoadable.swift */,
				EB40DB2829DDA6A4007F29FF /* ImageLoader.swift */,
			);
			path = ImageLoader;
			sourceTree = "<group>";
		};
		EB4FE67A29E551CA001CCF4C /* ProductEditorView */ = {
			isa = PBXGroup;
			children = (
				EB4FE67B29E55265001CCF4C /* ProductEditorViewController.swift */,
			);
			path = ProductEditorView;
			sourceTree = "<group>";
		};
		EB5567F629C1B4F600C1469D /* Sources */ = {
			isa = PBXGroup;
			children = (
				EB5567F829C1B56700C1469D /* AppLifeCycle */,
				EB2E5C7929DC19E600A036A9 /* Extensions */,
				EB5567FA29C1B58B00C1469D /* Models */,
				EB75D63729D5BFFC001B8719 /* Networking */,
				EB2E5C7A29DC1AB300A036A9 /* Utilities */,
				EB5567FB29C1B59300C1469D /* Views */,
			);
			path = Sources;
			sourceTree = "<group>";
		};
		EB5567F729C1B4FE00C1469D /* Resources */ = {
			isa = PBXGroup;
			children = (
				C70FB10525BEF61D00C9924E /* LaunchScreen.storyboard */,
				C70FB10025BEF61C00C9924E /* Main.storyboard */,
				C70FB10325BEF61D00C9924E /* Assets.xcassets */,
				C70FB10825BEF61D00C9924E /* Info.plist */,
			);
			path = Resources;
			sourceTree = "<group>";
		};
		EB5567F829C1B56700C1469D /* AppLifeCycle */ = {
			isa = PBXGroup;
			children = (
				C70FB0FA25BEF61C00C9924E /* AppDelegate.swift */,
				C70FB0FC25BEF61C00C9924E /* SceneDelegate.swift */,
			);
			path = AppLifeCycle;
			sourceTree = "<group>";
		};
		EB5567FA29C1B58B00C1469D /* Models */ = {
			isa = PBXGroup;
			children = (
				EBABE70A29D6C91B008739B1 /* Error */,
				EB75D63629D5BFEB001B8719 /* DataModels */,
			);
			path = Models;
			sourceTree = "<group>";
		};
		EB5567FB29C1B59300C1469D /* Views */ = {
			isa = PBXGroup;
			children = (
				EB4FE67A29E551CA001CCF4C /* ProductEditorView */,
				EBDC9A4429DAEEBD007AD736 /* ProductListView */,
			);
			path = Views;
			sourceTree = "<group>";
		};
		EB57E88F29CD36BA002AEE7C /* OpenMarketTests */ = {
			isa = PBXGroup;
			children = (
				EBABE71529D6F203008739B1 /* TestData.swift */,
				EBABE71729D6F3E2008739B1 /* StubURLSession.swift */,
				EB40DB2A29DDAD85007F29FF /* SpyURLSession.swift */,
				EB57E89029CD36BA002AEE7C /* JSONDecodingTests.swift */,
				EBABE71329D6F05F008739B1 /* OpenMarketAPIClientTests.swift */,
				EB40DB2C29DDAE6A007F29FF /* ImageLoaderTests.swift */,
			);
			path = OpenMarketTests;
			sourceTree = "<group>";
		};
		EB75D63629D5BFEB001B8719 /* DataModels */ = {
			isa = PBXGroup;
			children = (
				EB5567FC29C1BA2700C1469D /* Currency.swift */,
				EB5567FE29C1BA6B00C1469D /* Product.swift */,
				EBABE71929D70C2C008739B1 /* ProductImage.swift */,
				EBABE71B29D70C5C008739B1 /* ProductVendor.swift */,
				EB55680029C1BDD300C1469D /* Page.swift */,
			);
			path = DataModels;
			sourceTree = "<group>";
		};
		EB75D63729D5BFFC001B8719 /* Networking */ = {
			isa = PBXGroup;
			children = (
				EBABE70D29D6CB95008739B1 /* URLSessionProtocol.swift */,
				EB40DB1E29DD9633007F29FF /* OpenMarketAPI */,
				EB40DB1F29DD9646007F29FF /* ImageLoader */,
			);
			path = Networking;
			sourceTree = "<group>";
		};
		EBABE70A29D6C91B008739B1 /* Error */ = {
			isa = PBXGroup;
			children = (
				EBABE70629D67F2F008739B1 /* OpenMarketError.swift */,
			);
			path = Error;
			sourceTree = "<group>";
		};
		EBDC9A4429DAEEBD007AD736 /* ProductListView */ = {
			isa = PBXGroup;
			children = (
				EB30080929DAAE6E00523975 /* ProductListViewController.swift */,
				EBDC9A4229DAEE65007AD736 /* ProductListViewController+LayoutStyle.swift */,
				EBDC9A4529DAEFAA007AD736 /* ProductListViewController+Section.swift */,
				EBC7752829DEE49C002DD87A /* ProductGridContentView.swift */,
			);
			path = ProductListView;
			sourceTree = "<group>";
		};
/* End PBXGroup section */

/* Begin PBXNativeTarget section */
		C70FB0F625BEF61C00C9924E /* OpenMarket */ = {
			isa = PBXNativeTarget;
			buildConfigurationList = C70FB10B25BEF61D00C9924E /* Build configuration list for PBXNativeTarget "OpenMarket" */;
			buildPhases = (
				C70FB0F325BEF61C00C9924E /* Sources */,
				C70FB0F425BEF61C00C9924E /* Frameworks */,
				C70FB0F525BEF61C00C9924E /* Resources */,
				EB5567E529C19D4900C1469D /* SwiftLint */,
			);
			buildRules = (
			);
			dependencies = (
			);
			name = OpenMarket;
			productName = OpenMarket;
			productReference = C70FB0F725BEF61C00C9924E /* OpenMarket.app */;
			productType = "com.apple.product-type.application";
		};
		EB57E88D29CD36BA002AEE7C /* OpenMarketTests */ = {
			isa = PBXNativeTarget;
			buildConfigurationList = EB57E89629CD36BA002AEE7C /* Build configuration list for PBXNativeTarget "OpenMarketTests" */;
			buildPhases = (
				EB57E88A29CD36BA002AEE7C /* Sources */,
				EB57E88B29CD36BA002AEE7C /* Frameworks */,
				EB57E88C29CD36BA002AEE7C /* Resources */,
			);
			buildRules = (
			);
			dependencies = (
				EB57E89329CD36BA002AEE7C /* PBXTargetDependency */,
			);
			name = OpenMarketTests;
			productName = OpenMarketTests;
			productReference = EB57E88E29CD36BA002AEE7C /* OpenMarketTests.xctest */;
			productType = "com.apple.product-type.bundle.unit-test";
		};
/* End PBXNativeTarget section */

/* Begin PBXProject section */
		C70FB0EF25BEF61C00C9924E /* Project object */ = {
			isa = PBXProject;
			attributes = {
				BuildIndependentTargetsInParallel = YES;
				LastSwiftUpdateCheck = 1420;
				LastUpgradeCheck = 1430;
				TargetAttributes = {
					C70FB0F625BEF61C00C9924E = {
						CreatedOnToolsVersion = 12.3;
					};
					EB57E88D29CD36BA002AEE7C = {
						CreatedOnToolsVersion = 14.2;
						TestTargetID = C70FB0F625BEF61C00C9924E;
					};
				};
			};
			buildConfigurationList = C70FB0F225BEF61C00C9924E /* Build configuration list for PBXProject "OpenMarket" */;
			compatibilityVersion = "Xcode 9.3";
			developmentRegion = en;
			hasScannedForEncodings = 0;
			knownRegions = (
				en,
				Base,
			);
			mainGroup = C70FB0EE25BEF61C00C9924E;
			productRefGroup = C70FB0F825BEF61C00C9924E /* Products */;
			projectDirPath = "";
			projectRoot = "";
			targets = (
				C70FB0F625BEF61C00C9924E /* OpenMarket */,
				EB57E88D29CD36BA002AEE7C /* OpenMarketTests */,
			);
		};
/* End PBXProject section */

/* Begin PBXResourcesBuildPhase section */
		C70FB0F525BEF61C00C9924E /* Resources */ = {
			isa = PBXResourcesBuildPhase;
			buildActionMask = 2147483647;
			files = (
				C70FB10725BEF61D00C9924E /* LaunchScreen.storyboard in Resources */,
				C70FB10425BEF61D00C9924E /* Assets.xcassets in Resources */,
				C70FB10225BEF61C00C9924E /* Main.storyboard in Resources */,
			);
			runOnlyForDeploymentPostprocessing = 0;
		};
		EB57E88C29CD36BA002AEE7C /* Resources */ = {
			isa = PBXResourcesBuildPhase;
			buildActionMask = 2147483647;
			files = (
			);
			runOnlyForDeploymentPostprocessing = 0;
		};
/* End PBXResourcesBuildPhase section */

/* Begin PBXShellScriptBuildPhase section */
		EB5567E529C19D4900C1469D /* SwiftLint */ = {
			isa = PBXShellScriptBuildPhase;
			alwaysOutOfDate = 1;
			buildActionMask = 2147483647;
			files = (
			);
			inputFileListPaths = (
			);
			inputPaths = (
			);
			name = SwiftLint;
			outputFileListPaths = (
			);
			outputPaths = (
			);
			runOnlyForDeploymentPostprocessing = 0;
			shellPath = /bin/sh;
			shellScript = "export PATH=\"$PATH:/opt/homebrew/bin\"\nif which swiftlint > /dev/null; then\n  swiftlint\nelse\n  echo \"warning: SwiftLint not installed, download from https://github.com/realm/SwiftLint\"\nfi\n";
		};
/* End PBXShellScriptBuildPhase section */

/* Begin PBXSourcesBuildPhase section */
		C70FB0F325BEF61C00C9924E /* Sources */ = {
			isa = PBXSourcesBuildPhase;
			buildActionMask = 2147483647;
			files = (
				EB5567FD29C1BA2700C1469D /* Currency.swift in Sources */,
				EB75D63B29D5C0F8001B8719 /* Requestable.swift in Sources */,
				EBAB055829E19E610045528E /* JSONEncoder.swift in Sources */,
				EBABE71C29D70C5C008739B1 /* ProductVendor.swift in Sources */,
				EB2E5C7E29DC4AF100A036A9 /* NumberFormatter.swift in Sources */,
				EB40DB2329DDA0D8007F29FF /* ImageCacheable.swift in Sources */,
				EB55680129C1BDD300C1469D /* Page.swift in Sources */,
				EB75D63929D5C08C001B8719 /* HttpMethod.swift in Sources */,
				EBABE70E29D6CB95008739B1 /* URLSessionProtocol.swift in Sources */,
				EB5567FF29C1BA6B00C1469D /* Product.swift in Sources */,
				EB30080A29DAAE6E00523975 /* ProductListViewController.swift in Sources */,
				EBABE71029D6CBB0008739B1 /* OpenMarketAPIClient.swift in Sources */,
				EBDC9A4629DAEFAA007AD736 /* ProductListViewController+Section.swift in Sources */,
				C70FB0FB25BEF61C00C9924E /* AppDelegate.swift in Sources */,
				EB40DB2729DDA65A007F29FF /* ImageLoadable.swift in Sources */,
				EBC7752929DEE49C002DD87A /* ProductGridContentView.swift in Sources */,
				EB75D63D29D5C4F7001B8719 /* OpenMarketRequest.swift in Sources */,
				EBABE70729D67F2F008739B1 /* OpenMarketError.swift in Sources */,
				EBAB055A29E1A0A70045528E /* Data.swift in Sources */,
				EB4FE67C29E55265001CCF4C /* ProductEditorViewController.swift in Sources */,
				EB40DB2529DDA156007F29FF /* ImageCache.swift in Sources */,
				EB40DB2929DDA6A4007F29FF /* ImageLoader.swift in Sources */,
				EBAB055629E192B50045528E /* Secrets.swift in Sources */,
				EBDC9A4329DAEE65007AD736 /* ProductListViewController+LayoutStyle.swift in Sources */,
				EB40DB1D29DD8C95007F29FF /* ProductCellAccessoryMaker.swift in Sources */,
				EBABE71229D6D2AC008739B1 /* JSONDecoder.swift in Sources */,
				EB40DB2129DD9AE5007F29FF /* CachedImage.swift in Sources */,
				EB2E5C7C29DC4AB200A036A9 /* ProductAttributedStringMaker.swift in Sources */,
				C70FB0FD25BEF61C00C9924E /* SceneDelegate.swift in Sources */,
				EBABE71A29D70C2C008739B1 /* ProductImage.swift in Sources */,
			);
			runOnlyForDeploymentPostprocessing = 0;
		};
		EB57E88A29CD36BA002AEE7C /* Sources */ = {
			isa = PBXSourcesBuildPhase;
			buildActionMask = 2147483647;
			files = (
				EBABE71829D6F3E2008739B1 /* StubURLSession.swift in Sources */,
				EBABE71629D6F203008739B1 /* TestData.swift in Sources */,
				EB40DB2D29DDAE6A007F29FF /* ImageLoaderTests.swift in Sources */,
				EB57E89129CD36BA002AEE7C /* JSONDecodingTests.swift in Sources */,
				EBABE71429D6F05F008739B1 /* OpenMarketAPIClientTests.swift in Sources */,
				EB40DB2B29DDAD85007F29FF /* SpyURLSession.swift in Sources */,
			);
			runOnlyForDeploymentPostprocessing = 0;
		};
/* End PBXSourcesBuildPhase section */

/* Begin PBXTargetDependency section */
		EB57E89329CD36BA002AEE7C /* PBXTargetDependency */ = {
			isa = PBXTargetDependency;
			target = C70FB0F625BEF61C00C9924E /* OpenMarket */;
			targetProxy = EB57E89229CD36BA002AEE7C /* PBXContainerItemProxy */;
		};
/* End PBXTargetDependency section */

/* Begin PBXVariantGroup section */
		C70FB10025BEF61C00C9924E /* Main.storyboard */ = {
			isa = PBXVariantGroup;
			children = (
				C70FB10125BEF61C00C9924E /* Base */,
			);
			name = Main.storyboard;
			sourceTree = "<group>";
		};
		C70FB10525BEF61D00C9924E /* LaunchScreen.storyboard */ = {
			isa = PBXVariantGroup;
			children = (
				C70FB10625BEF61D00C9924E /* Base */,
			);
			name = LaunchScreen.storyboard;
			sourceTree = "<group>";
		};
/* End PBXVariantGroup section */

/* Begin XCBuildConfiguration section */
		C70FB10925BEF61D00C9924E /* Debug */ = {
			isa = XCBuildConfiguration;
			buildSettings = {
				ALWAYS_SEARCH_USER_PATHS = NO;
				CLANG_ANALYZER_NONNULL = YES;
				CLANG_ANALYZER_NUMBER_OBJECT_CONVERSION = YES_AGGRESSIVE;
				CLANG_CXX_LANGUAGE_STANDARD = "gnu++14";
				CLANG_CXX_LIBRARY = "libc++";
				CLANG_ENABLE_MODULES = YES;
				CLANG_ENABLE_OBJC_ARC = YES;
				CLANG_ENABLE_OBJC_WEAK = YES;
				CLANG_WARN_BLOCK_CAPTURE_AUTORELEASING = YES;
				CLANG_WARN_BOOL_CONVERSION = YES;
				CLANG_WARN_COMMA = YES;
				CLANG_WARN_CONSTANT_CONVERSION = YES;
				CLANG_WARN_DEPRECATED_OBJC_IMPLEMENTATIONS = YES;
				CLANG_WARN_DIRECT_OBJC_ISA_USAGE = YES_ERROR;
				CLANG_WARN_DOCUMENTATION_COMMENTS = YES;
				CLANG_WARN_EMPTY_BODY = YES;
				CLANG_WARN_ENUM_CONVERSION = YES;
				CLANG_WARN_INFINITE_RECURSION = YES;
				CLANG_WARN_INT_CONVERSION = YES;
				CLANG_WARN_NON_LITERAL_NULL_CONVERSION = YES;
				CLANG_WARN_OBJC_IMPLICIT_RETAIN_SELF = YES;
				CLANG_WARN_OBJC_LITERAL_CONVERSION = YES;
				CLANG_WARN_OBJC_ROOT_CLASS = YES_ERROR;
				CLANG_WARN_QUOTED_INCLUDE_IN_FRAMEWORK_HEADER = YES;
				CLANG_WARN_RANGE_LOOP_ANALYSIS = YES;
				CLANG_WARN_STRICT_PROTOTYPES = YES;
				CLANG_WARN_SUSPICIOUS_MOVE = YES;
				CLANG_WARN_UNGUARDED_AVAILABILITY = YES_AGGRESSIVE;
				CLANG_WARN_UNREACHABLE_CODE = YES;
				CLANG_WARN__DUPLICATE_METHOD_MATCH = YES;
				COPY_PHASE_STRIP = NO;
				DEBUG_INFORMATION_FORMAT = dwarf;
				ENABLE_STRICT_OBJC_MSGSEND = YES;
				ENABLE_TESTABILITY = YES;
				GCC_C_LANGUAGE_STANDARD = gnu11;
				GCC_DYNAMIC_NO_PIC = NO;
				GCC_NO_COMMON_BLOCKS = YES;
				GCC_OPTIMIZATION_LEVEL = 0;
				GCC_PREPROCESSOR_DEFINITIONS = (
					"DEBUG=1",
					"$(inherited)",
				);
				GCC_WARN_64_TO_32_BIT_CONVERSION = YES;
				GCC_WARN_ABOUT_RETURN_TYPE = YES_ERROR;
				GCC_WARN_UNDECLARED_SELECTOR = YES;
				GCC_WARN_UNINITIALIZED_AUTOS = YES_AGGRESSIVE;
				GCC_WARN_UNUSED_FUNCTION = YES;
				GCC_WARN_UNUSED_VARIABLE = YES;
				IPHONEOS_DEPLOYMENT_TARGET = 14.0;
				MTL_ENABLE_DEBUG_INFO = INCLUDE_SOURCE;
				MTL_FAST_MATH = YES;
				ONLY_ACTIVE_ARCH = YES;
				SDKROOT = iphoneos;
				SWIFT_ACTIVE_COMPILATION_CONDITIONS = DEBUG;
				SWIFT_OPTIMIZATION_LEVEL = "-Onone";
			};
			name = Debug;
		};
		C70FB10A25BEF61D00C9924E /* Release */ = {
			isa = XCBuildConfiguration;
			buildSettings = {
				ALWAYS_SEARCH_USER_PATHS = NO;
				CLANG_ANALYZER_NONNULL = YES;
				CLANG_ANALYZER_NUMBER_OBJECT_CONVERSION = YES_AGGRESSIVE;
				CLANG_CXX_LANGUAGE_STANDARD = "gnu++14";
				CLANG_CXX_LIBRARY = "libc++";
				CLANG_ENABLE_MODULES = YES;
				CLANG_ENABLE_OBJC_ARC = YES;
				CLANG_ENABLE_OBJC_WEAK = YES;
				CLANG_WARN_BLOCK_CAPTURE_AUTORELEASING = YES;
				CLANG_WARN_BOOL_CONVERSION = YES;
				CLANG_WARN_COMMA = YES;
				CLANG_WARN_CONSTANT_CONVERSION = YES;
				CLANG_WARN_DEPRECATED_OBJC_IMPLEMENTATIONS = YES;
				CLANG_WARN_DIRECT_OBJC_ISA_USAGE = YES_ERROR;
				CLANG_WARN_DOCUMENTATION_COMMENTS = YES;
				CLANG_WARN_EMPTY_BODY = YES;
				CLANG_WARN_ENUM_CONVERSION = YES;
				CLANG_WARN_INFINITE_RECURSION = YES;
				CLANG_WARN_INT_CONVERSION = YES;
				CLANG_WARN_NON_LITERAL_NULL_CONVERSION = YES;
				CLANG_WARN_OBJC_IMPLICIT_RETAIN_SELF = YES;
				CLANG_WARN_OBJC_LITERAL_CONVERSION = YES;
				CLANG_WARN_OBJC_ROOT_CLASS = YES_ERROR;
				CLANG_WARN_QUOTED_INCLUDE_IN_FRAMEWORK_HEADER = YES;
				CLANG_WARN_RANGE_LOOP_ANALYSIS = YES;
				CLANG_WARN_STRICT_PROTOTYPES = YES;
				CLANG_WARN_SUSPICIOUS_MOVE = YES;
				CLANG_WARN_UNGUARDED_AVAILABILITY = YES_AGGRESSIVE;
				CLANG_WARN_UNREACHABLE_CODE = YES;
				CLANG_WARN__DUPLICATE_METHOD_MATCH = YES;
				COPY_PHASE_STRIP = NO;
				DEBUG_INFORMATION_FORMAT = "dwarf-with-dsym";
				ENABLE_NS_ASSERTIONS = NO;
				ENABLE_STRICT_OBJC_MSGSEND = YES;
				GCC_C_LANGUAGE_STANDARD = gnu11;
				GCC_NO_COMMON_BLOCKS = YES;
				GCC_WARN_64_TO_32_BIT_CONVERSION = YES;
				GCC_WARN_ABOUT_RETURN_TYPE = YES_ERROR;
				GCC_WARN_UNDECLARED_SELECTOR = YES;
				GCC_WARN_UNINITIALIZED_AUTOS = YES_AGGRESSIVE;
				GCC_WARN_UNUSED_FUNCTION = YES;
				GCC_WARN_UNUSED_VARIABLE = YES;
				IPHONEOS_DEPLOYMENT_TARGET = 14.0;
				MTL_ENABLE_DEBUG_INFO = NO;
				MTL_FAST_MATH = YES;
				SDKROOT = iphoneos;
				SWIFT_COMPILATION_MODE = wholemodule;
				SWIFT_OPTIMIZATION_LEVEL = "-O";
				VALIDATE_PRODUCT = YES;
			};
			name = Release;
		};
		C70FB10C25BEF61D00C9924E /* Debug */ = {
			isa = XCBuildConfiguration;
			buildSettings = {
				ASSETCATALOG_COMPILER_APPICON_NAME = AppIcon;
				ASSETCATALOG_COMPILER_GLOBAL_ACCENT_COLOR_NAME = AccentColor;
				CODE_SIGN_IDENTITY = "Apple Development";
				CODE_SIGN_STYLE = Automatic;
				DEVELOPMENT_TEAM = "";
				INFOPLIST_FILE = OpenMarket/Resources/Info.plist;
				IPHONEOS_DEPLOYMENT_TARGET = 14.0;
				LD_RUNPATH_SEARCH_PATHS = (
					"$(inherited)",
					"@executable_path/Frameworks",
				);
				PRODUCT_BUNDLE_IDENTIFIER = net.yagom.OpenMarket;
				PRODUCT_NAME = "$(TARGET_NAME)";
				PROVISIONING_PROFILE_SPECIFIER = "";
				SWIFT_VERSION = 5.0;
				TARGETED_DEVICE_FAMILY = "1,2";
			};
			name = Debug;
		};
		C70FB10D25BEF61D00C9924E /* Release */ = {
			isa = XCBuildConfiguration;
			buildSettings = {
				ASSETCATALOG_COMPILER_APPICON_NAME = AppIcon;
				ASSETCATALOG_COMPILER_GLOBAL_ACCENT_COLOR_NAME = AccentColor;
				CODE_SIGN_IDENTITY = "Apple Development";
				CODE_SIGN_STYLE = Automatic;
				DEVELOPMENT_TEAM = "";
				INFOPLIST_FILE = OpenMarket/Resources/Info.plist;
				IPHONEOS_DEPLOYMENT_TARGET = 14.0;
				LD_RUNPATH_SEARCH_PATHS = (
					"$(inherited)",
					"@executable_path/Frameworks",
				);
				PRODUCT_BUNDLE_IDENTIFIER = net.yagom.OpenMarket;
				PRODUCT_NAME = "$(TARGET_NAME)";
				PROVISIONING_PROFILE_SPECIFIER = "";
				SWIFT_VERSION = 5.0;
				TARGETED_DEVICE_FAMILY = "1,2";
			};
			name = Release;
		};
		EB57E89429CD36BA002AEE7C /* Debug */ = {
			isa = XCBuildConfiguration;
			buildSettings = {
				BUNDLE_LOADER = "$(TEST_HOST)";
				CLANG_CXX_LANGUAGE_STANDARD = "gnu++20";
				CODE_SIGN_STYLE = Automatic;
				CURRENT_PROJECT_VERSION = 1;
				GENERATE_INFOPLIST_FILE = YES;
				IPHONEOS_DEPLOYMENT_TARGET = 14.0;
				MARKETING_VERSION = 1.0;
				PRODUCT_BUNDLE_IDENTIFIER = com.example.OpenMarketTests;
				PRODUCT_NAME = "$(TARGET_NAME)";
				SWIFT_EMIT_LOC_STRINGS = NO;
				SWIFT_VERSION = 5.0;
				TARGETED_DEVICE_FAMILY = "1,2";
				TEST_HOST = "$(BUILT_PRODUCTS_DIR)/OpenMarket.app/$(BUNDLE_EXECUTABLE_FOLDER_PATH)/OpenMarket";
			};
			name = Debug;
		};
		EB57E89529CD36BA002AEE7C /* Release */ = {
			isa = XCBuildConfiguration;
			buildSettings = {
				BUNDLE_LOADER = "$(TEST_HOST)";
				CLANG_CXX_LANGUAGE_STANDARD = "gnu++20";
				CODE_SIGN_STYLE = Automatic;
				CURRENT_PROJECT_VERSION = 1;
				GENERATE_INFOPLIST_FILE = YES;
				IPHONEOS_DEPLOYMENT_TARGET = 14.0;
				MARKETING_VERSION = 1.0;
				PRODUCT_BUNDLE_IDENTIFIER = com.example.OpenMarketTests;
				PRODUCT_NAME = "$(TARGET_NAME)";
				SWIFT_EMIT_LOC_STRINGS = NO;
				SWIFT_VERSION = 5.0;
				TARGETED_DEVICE_FAMILY = "1,2";
				TEST_HOST = "$(BUILT_PRODUCTS_DIR)/OpenMarket.app/$(BUNDLE_EXECUTABLE_FOLDER_PATH)/OpenMarket";
			};
			name = Release;
		};
/* End XCBuildConfiguration section */

/* Begin XCConfigurationList section */
		C70FB0F225BEF61C00C9924E /* Build configuration list for PBXProject "OpenMarket" */ = {
			isa = XCConfigurationList;
			buildConfigurations = (
				C70FB10925BEF61D00C9924E /* Debug */,
				C70FB10A25BEF61D00C9924E /* Release */,
			);
			defaultConfigurationIsVisible = 0;
			defaultConfigurationName = Release;
		};
		C70FB10B25BEF61D00C9924E /* Build configuration list for PBXNativeTarget "OpenMarket" */ = {
			isa = XCConfigurationList;
			buildConfigurations = (
				C70FB10C25BEF61D00C9924E /* Debug */,
				C70FB10D25BEF61D00C9924E /* Release */,
			);
			defaultConfigurationIsVisible = 0;
			defaultConfigurationName = Release;
		};
		EB57E89629CD36BA002AEE7C /* Build configuration list for PBXNativeTarget "OpenMarketTests" */ = {
			isa = XCConfigurationList;
			buildConfigurations = (
				EB57E89429CD36BA002AEE7C /* Debug */,
				EB57E89529CD36BA002AEE7C /* Release */,
			);
			defaultConfigurationIsVisible = 0;
			defaultConfigurationName = Release;
		};
/* End XCConfigurationList section */
	};
	rootObject = C70FB0EF25BEF61C00C9924E /* Project object */;
}
